
Microsoft Visual Studio Solution File, Format Version 12.00
# Visual Studio Version 17
VisualStudioVersion = 17.0.31903.59
MinimumVisualStudioVersion = 10.0.40219.1
Project("{FAE04EC0-301F-11D3-BF4B-00C04F79EFBC}") = "Appointmenting.API", "Appointmenting.API\Appointmenting.API.csproj", "{C0F29C52-7021-47B9-844C-7A615A624119}"
EndProject
Global
	GlobalSection(SolutionConfigurationPlatforms) = preSolution
		Debug|Any CPU = Debug|Any CPU
		Release|Any CPU = Release|Any CPU
	EndGlobalSection
	GlobalSection(ProjectConfigurationPlatforms) = postSolution
		{C0F29C52-7021-47B9-844C-7A615A624119}.Debug|Any CPU.ActiveCfg = Debug|Any CPU
		{C0F29C52-7021-47B9-844C-7A615A624119}.Debug|Any CPU.Build.0 = Debug|Any CPU
		{C0F29C52-7021-47B9-844C-7A615A624119}.Release|Any CPU.ActiveCfg = Release|Any CPU
		{C0F29C52-7021-47B9-844C-7A615A624119}.Release|Any CPU.Build.0 = Release|Any CPU
	EndGlobalSection
	GlobalSection(SolutionProperties) = preSolution
		HideSolutionNode = FALSE
	EndGlobalSection
	GlobalSection(ExtensibilityGlobals) = postSolution
		SolutionGuid = {2617A913-D4C7-48CC-B43C-40705A96D7AB}
	EndGlobalSection
EndGlobal
